{
  "name": "paulans-finest",
  "version": "1.0.0",
  "lockfileVersion": 3,
  "requires": true,
  "packages": {
    "": {
      "name": "paulans-finest",
      "version": "1.0.0",
      "dependencies": {
        "odata": "file:../OData"
      }
    },
    "../OData": {
      "name": "odata",
      "version": "1.0.0",
      "license": "UNLICENSED",
      "dependencies": {
        "@sap-cloud-sdk/odata-common": "^3.5.0",
        "@sap-cloud-sdk/odata-v2": "^3.5.0"
      },
      "devDependencies": {
        "typescript": "~4.5"
      }
    },
    "node_modules/odata": {
      "resolved": "../OData",
      "link": true
    }
  }
}
