{
  "name": "paulans-finest",
  "version": "1.0.0",
  "lockfileVersion": 3,
  "requires": true,
  "packages": {
    "": {
      "name": "paulans-finest",
      "version": "1.0.0",
      "dependencies": {
        "OData": "file:../OData"
      }
    },
    "../OData": {},
    "node_modules/OData": {
      "resolved": "../OData",
      "link": true
    }
  }
}
